dependencies:
- name: rabbitmq
  repository: https://charts.bitnami.com/bitnami
  version: 11.13.0
- name: jupyterhub
  repository: https://jupyterhub.github.io/helm-chart
  version: 3.3.7
- name: open-webui
  repository: https://helm.openwebui.com/
  version: 3.1.1
digest: sha256:4d77b63229cf5480115f97d4b966d5ce6d959645c05fb0e9fbba94f00a9659ca
generated: "2024-07-31T10:05:10.474832+05:30"
