dependencies:
- name: rabbitmq
  repository: https://charts.bitnami.com/bitnami
  version: 11.13.0
- name: jupyterhub
  repository: https://jupyterhub.github.io/helm-chart
  version: 3.3.7
- name: open-webui
  repository: https://helm.openwebui.com/
  version: 3.1.1
digest: sha256:41f76e27c3a4aa8555367ed53865053cebd1b219fd89090cb2ac7ba2226ae30d
generated: "2024-07-31T10:57:11.829627+05:30"
